
Microsoft Visual Studio Solution File, Format Version 12.00
# Visual Studio 15
Project("{FAE04EC0-301F-11D3-BF4B-00C04F79EFBC}") = "Unity.Timeline", "Unity.Timeline.csproj", "{4F1A4A7E-2AE2-2F10-0711-6DD00F6DCB9F}"
EndProject
Project("{FAE04EC0-301F-11D3-BF4B-00C04F79EFBC}") = "Unity.Timeline.Editor", "Unity.Timeline.Editor.csproj", "{AB8FBFAD-C4BD-2738-15DE-107C4F276E5C}"
EndProject
Project("{FAE04EC0-301F-11D3-BF4B-00C04F79EFBC}") = "Unity.TextMeshPro.Editor", "Unity.TextMeshPro.Editor.csproj", "{2910A160-87B7-F86D-AD44-BD3E182ECF3F}"
EndProject
Project("{FAE04EC0-301F-11D3-BF4B-00C04F79EFBC}") = "Unity.VisualScripting.Flow", "Unity.VisualScripting.Flow.csproj", "{1F651033-1E83-01D1-44DE-49B2FE735ECF}"
EndProject
Project("{FAE04EC0-301F-11D3-BF4B-00C04F79EFBC}") = "UnityEditor.UI", "UnityEditor.UI.csproj", "{A09A6F1D-3C3C-AFC8-C2F2-8F0E8D30A50F}"
EndProject
Project("{FAE04EC0-301F-11D3-BF4B-00C04F79EFBC}") = "Unity.PlasticSCM.Editor", "Unity.PlasticSCM.Editor.csproj", "{3BE72D93-A885-10BD-8ED7-EC817EABD4DC}"
EndProject
Project("{FAE04EC0-301F-11D3-BF4B-00C04F79EFBC}") = "Unity.VisualScripting.Core", "Unity.VisualScripting.Core.csproj", "{DADCFE8A-BD46-3AF6-7DAA-E27C0D568C7E}"
EndProject
Project("{FAE04EC0-301F-11D3-BF4B-00C04F79EFBC}") = "Unity.VisualScripting.Core.Editor", "Unity.VisualScripting.Core.Editor.csproj", "{BE50981E-8BF1-4691-9480-75F29ED3CE05}"
EndProject
Project("{FAE04EC0-301F-11D3-BF4B-00C04F79EFBC}") = "Unity.VisualScripting.Flow.Editor", "Unity.VisualScripting.Flow.Editor.csproj", "{9C0FA40C-BBFB-3E82-397D-8196444D79D7}"
EndProject
Project("{FAE04EC0-301F-11D3-BF4B-00C04F79EFBC}") = "UnityEditor.TestRunner", "UnityEditor.TestRunner.csproj", "{3FA67DEA-2FF1-9588-0F98-09C5D7737703}"
EndProject
Project("{FAE04EC0-301F-11D3-BF4B-00C04F79EFBC}") = "Unity.VisualScripting.SettingsProvider.Editor", "Unity.VisualScripting.SettingsProvider.Editor.csproj", "{7F62CBFE-3AAF-B4C3-D634-B9D4B1127D81}"
EndProject
Project("{FAE04EC0-301F-11D3-BF4B-00C04F79EFBC}") = "UnityEngine.TestRunner", "UnityEngine.TestRunner.csproj", "{73062A99-B9B5-1E04-4BB6-25616A9C9BAE}"
EndProject
Project("{FAE04EC0-301F-11D3-BF4B-00C04F79EFBC}") = "UnityEngine.UI", "UnityEngine.UI.csproj", "{21AE08CF-137D-D391-432A-87DD28515425}"
EndProject
Project("{FAE04EC0-301F-11D3-BF4B-00C04F79EFBC}") = "Unity.VisualStudio.Editor", "Unity.VisualStudio.Editor.csproj", "{13BF0FA3-D9D4-C020-4881-9E984CEBDDE1}"
EndProject
Project("{FAE04EC0-301F-11D3-BF4B-00C04F79EFBC}") = "Unity.TestTools.CodeCoverage.Editor.OpenCover.Model", "Unity.TestTools.CodeCoverage.Editor.OpenCover.Model.csproj", "{4F8EDF22-E980-8213-9562-B2B6D9B1059E}"
EndProject
Project("{FAE04EC0-301F-11D3-BF4B-00C04F79EFBC}") = "Unity.Rider.Editor", "Unity.Rider.Editor.csproj", "{28F08DD2-32E1-605A-DE6F-91B4CE244830}"
EndProject
Project("{FAE04EC0-301F-11D3-BF4B-00C04F79EFBC}") = "Unity.VisualScripting.State.Editor", "Unity.VisualScripting.State.Editor.csproj", "{05FE1442-78CA-E0E0-B534-24CE7D56B50C}"
EndProject
Project("{FAE04EC0-301F-11D3-BF4B-00C04F79EFBC}") = "Unity.TestTools.CodeCoverage.Editor", "Unity.TestTools.CodeCoverage.Editor.csproj", "{1AA64A74-06DB-1F1C-05B4-0DF13E8109B9}"
EndProject
Project("{FAE04EC0-301F-11D3-BF4B-00C04F79EFBC}") = "Unity.VisualScripting.State", "Unity.VisualScripting.State.csproj", "{24207FAF-465F-0C66-F1F6-E7E3340CDAEE}"
EndProject
Project("{FAE04EC0-301F-11D3-BF4B-00C04F79EFBC}") = "Unity.TextMeshPro", "Unity.TextMeshPro.csproj", "{44D2F42B-9B29-097F-481D-81BAE567E87C}"
EndProject
Project("{FAE04EC0-301F-11D3-BF4B-00C04F79EFBC}") = "Unity.Performance.Profile-Analyzer.Editor", "Unity.Performance.Profile-Analyzer.Editor.csproj", "{6C8EE7A6-CEBA-6AD4-A7E6-1120F0B322A4}"
EndProject
Project("{FAE04EC0-301F-11D3-BF4B-00C04F79EFBC}") = "Unity.VSCode.Editor", "Unity.VSCode.Editor.csproj", "{6608677F-FCEC-12B8-D3E0-53400ADF2CD1}"
EndProject
Project("{FAE04EC0-301F-11D3-BF4B-00C04F79EFBC}") = "Unity.TestTools.CodeCoverage.Editor.OpenCover.Mono.Reflection", "Unity.TestTools.CodeCoverage.Editor.OpenCover.Mono.Reflection.csproj", "{42E048C7-6042-9862-1094-5483BDEDC8A2}"
EndProject
Project("{FAE04EC0-301F-11D3-BF4B-00C04F79EFBC}") = "Unity.Settings.Editor", "Unity.Settings.Editor.csproj", "{B390445D-893F-D3D1-7E32-6FF24CFA0864}"
EndProject
Project("{FAE04EC0-301F-11D3-BF4B-00C04F79EFBC}") = "Assembly-CSharp", "Assembly-CSharp.csproj", "{330832DF-4A26-0A19-E7AD-D0A907A47199}"
EndProject
Project("{FAE04EC0-301F-11D3-BF4B-00C04F79EFBC}") = "Unity.EditorCoroutines.Editor", "Unity.EditorCoroutines.Editor.csproj", "{6B6616B7-8E0C-D985-A7E0-92AE9672A3EC}"
EndProject
Project("{FAE04EC0-301F-11D3-BF4B-00C04F79EFBC}") = "Unity.VisualScripting.Shared.Editor", "Unity.VisualScripting.Shared.Editor.csproj", "{7AC26352-45FF-0AA0-2EAE-32DBCE775279}"
EndProject
Project("{FAE04EC0-301F-11D3-BF4B-00C04F79EFBC}") = "Unity.CollabProxy.Editor", "Unity.CollabProxy.Editor.csproj", "{5E0AF391-EF8E-70EA-6EDD-6525E172E293}"
EndProject
Project("{FAE04EC0-301F-11D3-BF4B-00C04F79EFBC}") = "Unity.Timeline", "Unity.Timeline.Player.csproj", "{13DAC4FC-9DEB-868A-939E-5DC0ED2AF51D}"
EndProject
Project("{FAE04EC0-301F-11D3-BF4B-00C04F79EFBC}") = "Unity.VisualScripting.Flow", "Unity.VisualScripting.Flow.Player.csproj", "{8E89FA5A-C628-DC11-5229-C4873B0EA6C9}"
EndProject
Project("{FAE04EC0-301F-11D3-BF4B-00C04F79EFBC}") = "Unity.VisualScripting.Core", "Unity.VisualScripting.Core.Player.csproj", "{554770BA-9E81-48A1-84F9-8986852EF79B}"
EndProject
Project("{FAE04EC0-301F-11D3-BF4B-00C04F79EFBC}") = "UnityEngine.TestRunner", "UnityEngine.TestRunner.Player.csproj", "{2D0AA23D-E837-A64D-490E-E8CADB24A885}"
EndProject
Project("{FAE04EC0-301F-11D3-BF4B-00C04F79EFBC}") = "UnityEngine.UI", "UnityEngine.UI.Player.csproj", "{FE20D267-B3CC-24FF-0264-0643318F0C22}"
EndProject
Project("{FAE04EC0-301F-11D3-BF4B-00C04F79EFBC}") = "Unity.VisualScripting.State", "Unity.VisualScripting.State.Player.csproj", "{1AD2DEE1-B1A7-F96D-1C20-039D512FFE9D}"
EndProject
Project("{FAE04EC0-301F-11D3-BF4B-00C04F79EFBC}") = "Unity.TextMeshPro", "Unity.TextMeshPro.Player.csproj", "{9AEAD421-B0FD-6C97-5008-B14402B81D12}"
EndProject
Project("{FAE04EC0-301F-11D3-BF4B-00C04F79EFBC}") = "Assembly-CSharp", "Assembly-CSharp.Player.csproj", "{AC1B58A4-2DB3-803B-BCE0-988A86BE507A}"
EndProject
Global
	GlobalSection(SolutionConfigurationPlatforms) = preSolution
		Debug|Any CPU = Debug|Any CPU
		Release|Any CPU = Release|Any CPU
	EndGlobalSection
	GlobalSection(ProjectConfigurationPlatforms) = postSolution
		{4F1A4A7E-2AE2-2F10-0711-6DD00F6DCB9F}.Debug|Any CPU.ActiveCfg = Debug|Any CPU
		{4F1A4A7E-2AE2-2F10-0711-6DD00F6DCB9F}.Debug|Any CPU.Build.0 = Debug|Any CPU
		{4F1A4A7E-2AE2-2F10-0711-6DD00F6DCB9F}.Release|Any CPU.ActiveCfg = Release|Any CPU
		{4F1A4A7E-2AE2-2F10-0711-6DD00F6DCB9F}.Release|Any CPU.Build.0 = Release|Any CPU
		{AB8FBFAD-C4BD-2738-15DE-107C4F276E5C}.Debug|Any CPU.ActiveCfg = Debug|Any CPU
		{AB8FBFAD-C4BD-2738-15DE-107C4F276E5C}.Debug|Any CPU.Build.0 = Debug|Any CPU
		{AB8FBFAD-C4BD-2738-15DE-107C4F276E5C}.Release|Any CPU.ActiveCfg = Release|Any CPU
		{AB8FBFAD-C4BD-2738-15DE-107C4F276E5C}.Release|Any CPU.Build.0 = Release|Any CPU
		{2910A160-87B7-F86D-AD44-BD3E182ECF3F}.Debug|Any CPU.ActiveCfg = Debug|Any CPU
		{2910A160-87B7-F86D-AD44-BD3E182ECF3F}.Debug|Any CPU.Build.0 = Debug|Any CPU
		{2910A160-87B7-F86D-AD44-BD3E182ECF3F}.Release|Any CPU.ActiveCfg = Release|Any CPU
		{2910A160-87B7-F86D-AD44-BD3E182ECF3F}.Release|Any CPU.Build.0 = Release|Any CPU
		{1F651033-1E83-01D1-44DE-49B2FE735ECF}.Debug|Any CPU.ActiveCfg = Debug|Any CPU
		{1F651033-1E83-01D1-44DE-49B2FE735ECF}.Debug|Any CPU.Build.0 = Debug|Any CPU
		{1F651033-1E83-01D1-44DE-49B2FE735ECF}.Release|Any CPU.ActiveCfg = Release|Any CPU
		{1F651033-1E83-01D1-44DE-49B2FE735ECF}.Release|Any CPU.Build.0 = Release|Any CPU
		{A09A6F1D-3C3C-AFC8-C2F2-8F0E8D30A50F}.Debug|Any CPU.ActiveCfg = Debug|Any CPU
		{A09A6F1D-3C3C-AFC8-C2F2-8F0E8D30A50F}.Debug|Any CPU.Build.0 = Debug|Any CPU
		{A09A6F1D-3C3C-AFC8-C2F2-8F0E8D30A50F}.Release|Any CPU.ActiveCfg = Release|Any CPU
		{A09A6F1D-3C3C-AFC8-C2F2-8F0E8D30A50F}.Release|Any CPU.Build.0 = Release|Any CPU
		{3BE72D93-A885-10BD-8ED7-EC817EABD4DC}.Debug|Any CPU.ActiveCfg = Debug|Any CPU
		{3BE72D93-A885-10BD-8ED7-EC817EABD4DC}.Debug|Any CPU.Build.0 = Debug|Any CPU
		{3BE72D93-A885-10BD-8ED7-EC817EABD4DC}.Release|Any CPU.ActiveCfg = Release|Any CPU
		{3BE72D93-A885-10BD-8ED7-EC817EABD4DC}.Release|Any CPU.Build.0 = Release|Any CPU
		{DADCFE8A-BD46-3AF6-7DAA-E27C0D568C7E}.Debug|Any CPU.ActiveCfg = Debug|Any CPU
		{DADCFE8A-BD46-3AF6-7DAA-E27C0D568C7E}.Debug|Any CPU.Build.0 = Debug|Any CPU
		{DADCFE8A-BD46-3AF6-7DAA-E27C0D568C7E}.Release|Any CPU.ActiveCfg = Release|Any CPU
		{DADCFE8A-BD46-3AF6-7DAA-E27C0D568C7E}.Release|Any CPU.Build.0 = Release|Any CPU
		{BE50981E-8BF1-4691-9480-75F29ED3CE05}.Debug|Any CPU.ActiveCfg = Debug|Any CPU
		{BE50981E-8BF1-4691-9480-75F29ED3CE05}.Debug|Any CPU.Build.0 = Debug|Any CPU
		{BE50981E-8BF1-4691-9480-75F29ED3CE05}.Release|Any CPU.ActiveCfg = Release|Any CPU
		{BE50981E-8BF1-4691-9480-75F29ED3CE05}.Release|Any CPU.Build.0 = Release|Any CPU
		{9C0FA40C-BBFB-3E82-397D-8196444D79D7}.Debug|Any CPU.ActiveCfg = Debug|Any CPU
		{9C0FA40C-BBFB-3E82-397D-8196444D79D7}.Debug|Any CPU.Build.0 = Debug|Any CPU
		{9C0FA40C-BBFB-3E82-397D-8196444D79D7}.Release|Any CPU.ActiveCfg = Release|Any CPU
		{9C0FA40C-BBFB-3E82-397D-8196444D79D7}.Release|Any CPU.Build.0 = Release|Any CPU
		{3FA67DEA-2FF1-9588-0F98-09C5D7737703}.Debug|Any CPU.ActiveCfg = Debug|Any CPU
		{3FA67DEA-2FF1-9588-0F98-09C5D7737703}.Debug|Any CPU.Build.0 = Debug|Any CPU
		{3FA67DEA-2FF1-9588-0F98-09C5D7737703}.Release|Any CPU.ActiveCfg = Release|Any CPU
		{3FA67DEA-2FF1-9588-0F98-09C5D7737703}.Release|Any CPU.Build.0 = Release|Any CPU
		{7F62CBFE-3AAF-B4C3-D634-B9D4B1127D81}.Debug|Any CPU.ActiveCfg = Debug|Any CPU
		{7F62CBFE-3AAF-B4C3-D634-B9D4B1127D81}.Debug|Any CPU.Build.0 = Debug|Any CPU
		{7F62CBFE-3AAF-B4C3-D634-B9D4B1127D81}.Release|Any CPU.ActiveCfg = Release|Any CPU
		{7F62CBFE-3AAF-B4C3-D634-B9D4B1127D81}.Release|Any CPU.Build.0 = Release|Any CPU
		{73062A99-B9B5-1E04-4BB6-25616A9C9BAE}.Debug|Any CPU.ActiveCfg = Debug|Any CPU
		{73062A99-B9B5-1E04-4BB6-25616A9C9BAE}.Debug|Any CPU.Build.0 = Debug|Any CPU
		{73062A99-B9B5-1E04-4BB6-25616A9C9BAE}.Release|Any CPU.ActiveCfg = Release|Any CPU
		{73062A99-B9B5-1E04-4BB6-25616A9C9BAE}.Release|Any CPU.Build.0 = Release|Any CPU
		{21AE08CF-137D-D391-432A-87DD28515425}.Debug|Any CPU.ActiveCfg = Debug|Any CPU
		{21AE08CF-137D-D391-432A-87DD28515425}.Debug|Any CPU.Build.0 = Debug|Any CPU
		{21AE08CF-137D-D391-432A-87DD28515425}.Release|Any CPU.ActiveCfg = Release|Any CPU
		{21AE08CF-137D-D391-432A-87DD28515425}.Release|Any CPU.Build.0 = Release|Any CPU
		{13BF0FA3-D9D4-C020-4881-9E984CEBDDE1}.Debug|Any CPU.ActiveCfg = Debug|Any CPU
		{13BF0FA3-D9D4-C020-4881-9E984CEBDDE1}.Debug|Any CPU.Build.0 = Debug|Any CPU
		{13BF0FA3-D9D4-C020-4881-9E984CEBDDE1}.Release|Any CPU.ActiveCfg = Release|Any CPU
		{13BF0FA3-D9D4-C020-4881-9E984CEBDDE1}.Release|Any CPU.Build.0 = Release|Any CPU
		{4F8EDF22-E980-8213-9562-B2B6D9B1059E}.Debug|Any CPU.ActiveCfg = Debug|Any CPU
		{4F8EDF22-E980-8213-9562-B2B6D9B1059E}.Debug|Any CPU.Build.0 = Debug|Any CPU
		{4F8EDF22-E980-8213-9562-B2B6D9B1059E}.Release|Any CPU.ActiveCfg = Release|Any CPU
		{4F8EDF22-E980-8213-9562-B2B6D9B1059E}.Release|Any CPU.Build.0 = Release|Any CPU
		{28F08DD2-32E1-605A-DE6F-91B4CE244830}.Debug|Any CPU.ActiveCfg = Debug|Any CPU
		{28F08DD2-32E1-605A-DE6F-91B4CE244830}.Debug|Any CPU.Build.0 = Debug|Any CPU
		{28F08DD2-32E1-605A-DE6F-91B4CE244830}.Release|Any CPU.ActiveCfg = Release|Any CPU
		{28F08DD2-32E1-605A-DE6F-91B4CE244830}.Release|Any CPU.Build.0 = Release|Any CPU
		{05FE1442-78CA-E0E0-B534-24CE7D56B50C}.Debug|Any CPU.ActiveCfg = Debug|Any CPU
		{05FE1442-78CA-E0E0-B534-24CE7D56B50C}.Debug|Any CPU.Build.0 = Debug|Any CPU
		{05FE1442-78CA-E0E0-B534-24CE7D56B50C}.Release|Any CPU.ActiveCfg = Release|Any CPU
		{05FE1442-78CA-E0E0-B534-24CE7D56B50C}.Release|Any CPU.Build.0 = Release|Any CPU
		{1AA64A74-06DB-1F1C-05B4-0DF13E8109B9}.Debug|Any CPU.ActiveCfg = Debug|Any CPU
		{1AA64A74-06DB-1F1C-05B4-0DF13E8109B9}.Debug|Any CPU.Build.0 = Debug|Any CPU
		{1AA64A74-06DB-1F1C-05B4-0DF13E8109B9}.Release|Any CPU.ActiveCfg = Release|Any CPU
		{1AA64A74-06DB-1F1C-05B4-0DF13E8109B9}.Release|Any CPU.Build.0 = Release|Any CPU
		{24207FAF-465F-0C66-F1F6-E7E3340CDAEE}.Debug|Any CPU.ActiveCfg = Debug|Any CPU
		{24207FAF-465F-0C66-F1F6-E7E3340CDAEE}.Debug|Any CPU.Build.0 = Debug|Any CPU
		{24207FAF-465F-0C66-F1F6-E7E3340CDAEE}.Release|Any CPU.ActiveCfg = Release|Any CPU
		{24207FAF-465F-0C66-F1F6-E7E3340CDAEE}.Release|Any CPU.Build.0 = Release|Any CPU
		{44D2F42B-9B29-097F-481D-81BAE567E87C}.Debug|Any CPU.ActiveCfg = Debug|Any CPU
		{44D2F42B-9B29-097F-481D-81BAE567E87C}.Debug|Any CPU.Build.0 = Debug|Any CPU
		{44D2F42B-9B29-097F-481D-81BAE567E87C}.Release|Any CPU.ActiveCfg = Release|Any CPU
		{44D2F42B-9B29-097F-481D-81BAE567E87C}.Release|Any CPU.Build.0 = Release|Any CPU
		{6C8EE7A6-CEBA-6AD4-A7E6-1120F0B322A4}.Debug|Any CPU.ActiveCfg = Debug|Any CPU
		{6C8EE7A6-CEBA-6AD4-A7E6-1120F0B322A4}.Debug|Any CPU.Build.0 = Debug|Any CPU
		{6C8EE7A6-CEBA-6AD4-A7E6-1120F0B322A4}.Release|Any CPU.ActiveCfg = Release|Any CPU
		{6C8EE7A6-CEBA-6AD4-A7E6-1120F0B322A4}.Release|Any CPU.Build.0 = Release|Any CPU
		{6608677F-FCEC-12B8-D3E0-53400ADF2CD1}.Debug|Any CPU.ActiveCfg = Debug|Any CPU
		{6608677F-FCEC-12B8-D3E0-53400ADF2CD1}.Debug|Any CPU.Build.0 = Debug|Any CPU
		{6608677F-FCEC-12B8-D3E0-53400ADF2CD1}.Release|Any CPU.ActiveCfg = Release|Any CPU
		{6608677F-FCEC-12B8-D3E0-53400ADF2CD1}.Release|Any CPU.Build.0 = Release|Any CPU
		{42E048C7-6042-9862-1094-5483BDEDC8A2}.Debug|Any CPU.ActiveCfg = Debug|Any CPU
		{42E048C7-6042-9862-1094-5483BDEDC8A2}.Debug|Any CPU.Build.0 = Debug|Any CPU
		{42E048C7-6042-9862-1094-5483BDEDC8A2}.Release|Any CPU.ActiveCfg = Release|Any CPU
		{42E048C7-6042-9862-1094-5483BDEDC8A2}.Release|Any CPU.Build.0 = Release|Any CPU
		{B390445D-893F-D3D1-7E32-6FF24CFA0864}.Debug|Any CPU.ActiveCfg = Debug|Any CPU
		{B390445D-893F-D3D1-7E32-6FF24CFA0864}.Debug|Any CPU.Build.0 = Debug|Any CPU
		{B390445D-893F-D3D1-7E32-6FF24CFA0864}.Release|Any CPU.ActiveCfg = Release|Any CPU
		{B390445D-893F-D3D1-7E32-6FF24CFA0864}.Release|Any CPU.Build.0 = Release|Any CPU
		{330832DF-4A26-0A19-E7AD-D0A907A47199}.Debug|Any CPU.ActiveCfg = Debug|Any CPU
		{330832DF-4A26-0A19-E7AD-D0A907A47199}.Debug|Any CPU.Build.0 = Debug|Any CPU
		{330832DF-4A26-0A19-E7AD-D0A907A47199}.Release|Any CPU.ActiveCfg = Release|Any CPU
		{330832DF-4A26-0A19-E7AD-D0A907A47199}.Release|Any CPU.Build.0 = Release|Any CPU
		{6B6616B7-8E0C-D985-A7E0-92AE9672A3EC}.Debug|Any CPU.ActiveCfg = Debug|Any CPU
		{6B6616B7-8E0C-D985-A7E0-92AE9672A3EC}.Debug|Any CPU.Build.0 = Debug|Any CPU
		{6B6616B7-8E0C-D985-A7E0-92AE9672A3EC}.Release|Any CPU.ActiveCfg = Release|Any CPU
		{6B6616B7-8E0C-D985-A7E0-92AE9672A3EC}.Release|Any CPU.Build.0 = Release|Any CPU
		{7AC26352-45FF-0AA0-2EAE-32DBCE775279}.Debug|Any CPU.ActiveCfg = Debug|Any CPU
		{7AC26352-45FF-0AA0-2EAE-32DBCE775279}.Debug|Any CPU.Build.0 = Debug|Any CPU
		{7AC26352-45FF-0AA0-2EAE-32DBCE775279}.Release|Any CPU.ActiveCfg = Release|Any CPU
		{7AC26352-45FF-0AA0-2EAE-32DBCE775279}.Release|Any CPU.Build.0 = Release|Any CPU
		{5E0AF391-EF8E-70EA-6EDD-6525E172E293}.Debug|Any CPU.ActiveCfg = Debug|Any CPU
		{5E0AF391-EF8E-70EA-6EDD-6525E172E293}.Debug|Any CPU.Build.0 = Debug|Any CPU
		{5E0AF391-EF8E-70EA-6EDD-6525E172E293}.Release|Any CPU.ActiveCfg = Release|Any CPU
		{5E0AF391-EF8E-70EA-6EDD-6525E172E293}.Release|Any CPU.Build.0 = Release|Any CPU
		{13DAC4FC-9DEB-868A-939E-5DC0ED2AF51D}.Debug|Any CPU.ActiveCfg = Debug|Any CPU
		{13DAC4FC-9DEB-868A-939E-5DC0ED2AF51D}.Debug|Any CPU.Build.0 = Debug|Any CPU
		{13DAC4FC-9DEB-868A-939E-5DC0ED2AF51D}.Release|Any CPU.ActiveCfg = Release|Any CPU
		{13DAC4FC-9DEB-868A-939E-5DC0ED2AF51D}.Release|Any CPU.Build.0 = Release|Any CPU
		{8E89FA5A-C628-DC11-5229-C4873B0EA6C9}.Debug|Any CPU.ActiveCfg = Debug|Any CPU
		{8E89FA5A-C628-DC11-5229-C4873B0EA6C9}.Debug|Any CPU.Build.0 = Debug|Any CPU
		{8E89FA5A-C628-DC11-5229-C4873B0EA6C9}.Release|Any CPU.ActiveCfg = Release|Any CPU
		{8E89FA5A-C628-DC11-5229-C4873B0EA6C9}.Release|Any CPU.Build.0 = Release|Any CPU
		{554770BA-9E81-48A1-84F9-8986852EF79B}.Debug|Any CPU.ActiveCfg = Debug|Any CPU
		{554770BA-9E81-48A1-84F9-8986852EF79B}.Debug|Any CPU.Build.0 = Debug|Any CPU
		{554770BA-9E81-48A1-84F9-8986852EF79B}.Release|Any CPU.ActiveCfg = Release|Any CPU
		{554770BA-9E81-48A1-84F9-8986852EF79B}.Release|Any CPU.Build.0 = Release|Any CPU
		{2D0AA23D-E837-A64D-490E-E8CADB24A885}.Debug|Any CPU.ActiveCfg = Debug|Any CPU
		{2D0AA23D-E837-A64D-490E-E8CADB24A885}.Debug|Any CPU.Build.0 = Debug|Any CPU
		{2D0AA23D-E837-A64D-490E-E8CADB24A885}.Release|Any CPU.ActiveCfg = Release|Any CPU
		{2D0AA23D-E837-A64D-490E-E8CADB24A885}.Release|Any CPU.Build.0 = Release|Any CPU
		{FE20D267-B3CC-24FF-0264-0643318F0C22}.Debug|Any CPU.ActiveCfg = Debug|Any CPU
		{FE20D267-B3CC-24FF-0264-0643318F0C22}.Debug|Any CPU.Build.0 = Debug|Any CPU
		{FE20D267-B3CC-24FF-0264-0643318F0C22}.Release|Any CPU.ActiveCfg = Release|Any CPU
		{FE20D267-B3CC-24FF-0264-0643318F0C22}.Release|Any CPU.Build.0 = Release|Any CPU
		{1AD2DEE1-B1A7-F96D-1C20-039D512FFE9D}.Debug|Any CPU.ActiveCfg = Debug|Any CPU
		{1AD2DEE1-B1A7-F96D-1C20-039D512FFE9D}.Debug|Any CPU.Build.0 = Debug|Any CPU
		{1AD2DEE1-B1A7-F96D-1C20-039D512FFE9D}.Release|Any CPU.ActiveCfg = Release|Any CPU
		{1AD2DEE1-B1A7-F96D-1C20-039D512FFE9D}.Release|Any CPU.Build.0 = Release|Any CPU
		{9AEAD421-B0FD-6C97-5008-B14402B81D12}.Debug|Any CPU.ActiveCfg = Debug|Any CPU
		{9AEAD421-B0FD-6C97-5008-B14402B81D12}.Debug|Any CPU.Build.0 = Debug|Any CPU
		{9AEAD421-B0FD-6C97-5008-B14402B81D12}.Release|Any CPU.ActiveCfg = Release|Any CPU
		{9AEAD421-B0FD-6C97-5008-B14402B81D12}.Release|Any CPU.Build.0 = Release|Any CPU
		{AC1B58A4-2DB3-803B-BCE0-988A86BE507A}.Debug|Any CPU.ActiveCfg = Debug|Any CPU
		{AC1B58A4-2DB3-803B-BCE0-988A86BE507A}.Debug|Any CPU.Build.0 = Debug|Any CPU
		{AC1B58A4-2DB3-803B-BCE0-988A86BE507A}.Release|Any CPU.ActiveCfg = Release|Any CPU
		{AC1B58A4-2DB3-803B-BCE0-988A86BE507A}.Release|Any CPU.Build.0 = Release|Any CPU
	EndGlobalSection
	GlobalSection(SolutionProperties) = preSolution
		HideSolutionNode = FALSE
	EndGlobalSection
EndGlobal
